// !$*UTF8*$!
{
	archiveVersion = 1;
	classes = {
	};
	objectVersion = 50;
	objects = {

/* Begin PBXBuildFile section */
		4F0720932237EE54007D2211 /* heap_sort.c in Sources */ = {isa = PBXBuildFile; fileRef = 4F0720922237EE54007D2211 /* heap_sort.c */; };
		4F0720962237F015007D2211 /* merge_sort.c in Sources */ = {isa = PBXBuildFile; fileRef = 4F0720952237F015007D2211 /* merge_sort.c */; };
		4F0720992237FFDB007D2211 /* quick_sort.c in Sources */ = {isa = PBXBuildFile; fileRef = 4F0720982237FFDB007D2211 /* quick_sort.c */; };
		4F07209C223803EB007D2211 /* bubble_sort.c in Sources */ = {isa = PBXBuildFile; fileRef = 4F07209B223803EB007D2211 /* bubble_sort.c */; };
		4F4C12A122354AD200ECB542 /* main.c in Sources */ = {isa = PBXBuildFile; fileRef = 4F4C12A022354AD200ECB542 /* main.c */; };
/* End PBXBuildFile section */

/* Begin PBXCopyFilesBuildPhase section */
		4F4C129B22354AD200ECB542 /* CopyFiles */ = {
			isa = PBXCopyFilesBuildPhase;
			buildActionMask = 2147483647;
			dstPath = /usr/share/man/man1/;
			dstSubfolderSpec = 0;
			files = (
			);
			runOnlyForDeploymentPostprocessing = 1;
		};
/* End PBXCopyFilesBuildPhase section */

/* Begin PBXFileReference section */
		4F0720912237EE54007D2211 /* heap_sort.h */ = {isa = PBXFileReference; lastKnownFileType = sourcecode.c.h; path = heap_sort.h; sourceTree = "<group>"; };
		4F0720922237EE54007D2211 /* heap_sort.c */ = {isa = PBXFileReference; lastKnownFileType = sourcecode.c.c; path = heap_sort.c; sourceTree = "<group>"; };
		4F0720942237F015007D2211 /* merge_sort.h */ = {isa = PBXFileReference; lastKnownFileType = sourcecode.c.h; path = merge_sort.h; sourceTree = "<group>"; };
		4F0720952237F015007D2211 /* merge_sort.c */ = {isa = PBXFileReference; lastKnownFileType = sourcecode.c.c; path = merge_sort.c; sourceTree = "<group>"; };
		4F0720972237FFDB007D2211 /* quick_sort.h */ = {isa = PBXFileReference; lastKnownFileType = sourcecode.c.h; path = quick_sort.h; sourceTree = "<group>"; };
		4F0720982237FFDB007D2211 /* quick_sort.c */ = {isa = PBXFileReference; lastKnownFileType = sourcecode.c.c; path = quick_sort.c; sourceTree = "<group>"; };
		4F07209A223803EB007D2211 /* bubble_sort.h */ = {isa = PBXFileReference; lastKnownFileType = sourcecode.c.h; path = bubble_sort.h; sourceTree = "<group>"; };
		4F07209B223803EB007D2211 /* bubble_sort.c */ = {isa = PBXFileReference; lastKnownFileType = sourcecode.c.c; path = bubble_sort.c; sourceTree = "<group>"; };
		4F07209D22380500007D2211 /* sort_library.h */ = {isa = PBXFileReference; lastKnownFileType = sourcecode.c.h; path = sort_library.h; sourceTree = "<group>"; };
		4F4C129D22354AD200ECB542 /* SortAlgorithm */ = {isa = PBXFileReference; explicitFileType = "compiled.mach-o.executable"; includeInIndex = 0; path = SortAlgorithm; sourceTree = BUILT_PRODUCTS_DIR; };
		4F4C12A022354AD200ECB542 /* main.c */ = {isa = PBXFileReference; lastKnownFileType = sourcecode.c.c; path = main.c; sourceTree = "<group>"; };
/* End PBXFileReference section */

/* Begin PBXFrameworksBuildPhase section */
		4F4C129A22354AD200ECB542 /* Frameworks */ = {
			isa = PBXFrameworksBuildPhase;
			buildActionMask = 2147483647;
			files = (
			);
			runOnlyForDeploymentPostprocessing = 0;
		};
/* End PBXFrameworksBuildPhase section */

/* Begin PBXGroup section */
		4F4C129422354AD200ECB542 = {
			isa = PBXGroup;
			children = (
				4F4C129F22354AD200ECB542 /* SortAlgorithm */,
				4F4C129E22354AD200ECB542 /* Products */,
			);
			sourceTree = "<group>";
		};
		4F4C129E22354AD200ECB542 /* Products */ = {
			isa = PBXGroup;
			children = (
				4F4C129D22354AD200ECB542 /* SortAlgorithm */,
			);
			name = Products;
			sourceTree = "<group>";
		};
		4F4C129F22354AD200ECB542 /* SortAlgorithm */ = {
			isa = PBXGroup;
			children = (
				4F4C12A022354AD200ECB542 /* main.c */,
				4F07209D22380500007D2211 /* sort_library.h */,
				4F0720942237F015007D2211 /* merge_sort.h */,
				4F0720952237F015007D2211 /* merge_sort.c */,
				4F0720972237FFDB007D2211 /* quick_sort.h */,
				4F0720982237FFDB007D2211 /* quick_sort.c */,
				4F0720912237EE54007D2211 /* heap_sort.h */,
				4F0720922237EE54007D2211 /* heap_sort.c */,
				4F07209A223803EB007D2211 /* bubble_sort.h */,
				4F07209B223803EB007D2211 /* bubble_sort.c */,
			);
			path = SortAlgorithm;
			sourceTree = "<group>";
		};
/* End PBXGroup section */

/* Begin PBXNativeTarget section */
		4F4C129C22354AD200ECB542 /* SortAlgorithm */ = {
			isa = PBXNativeTarget;
			buildConfigurationList = 4F4C12A422354AD200ECB542 /* Build configuration list for PBXNativeTarget "SortAlgorithm" */;
			buildPhases = (
				4F4C129922354AD200ECB542 /* Sources */,
				4F4C129A22354AD200ECB542 /* Frameworks */,
				4F4C129B22354AD200ECB542 /* CopyFiles */,
			);
			buildRules = (
			);
			dependencies = (
			);
			name = SortAlgorithm;
			productName = SortAlgorithm;
			productReference = 4F4C129D22354AD200ECB542 /* SortAlgorithm */;
			productType = "com.apple.product-type.tool";
		};
/* End PBXNativeTarget section */

/* Begin PBXProject section */
		4F4C129522354AD200ECB542 /* Project object */ = {
			isa = PBXProject;
			attributes = {
				LastUpgradeCheck = 1010;
				ORGANIZATIONNAME = pmst;
				TargetAttributes = {
					4F4C129C22354AD200ECB542 = {
						CreatedOnToolsVersion = 10.1;
					};
				};
			};
			buildConfigurationList = 4F4C129822354AD200ECB542 /* Build configuration list for PBXProject "SortAlgorithm" */;
			compatibilityVersion = "Xcode 9.3";
			developmentRegion = en;
			hasScannedForEncodings = 0;
			knownRegions = (
				en,
			);
			mainGroup = 4F4C129422354AD200ECB542;
			productRefGroup = 4F4C129E22354AD200ECB542 /* Products */;
			projectDirPath = "";
			projectRoot = "";
			targets = (
				4F4C129C22354AD200ECB542 /* SortAlgorithm */,
			);
		};
/* End PBXProject section */

/* Begin PBXSourcesBuildPhase section */
		4F4C129922354AD200ECB542 /* Sources */ = {
			isa = PBXSourcesBuildPhase;
			buildActionMask = 2147483647;
			files = (
				4F07209C223803EB007D2211 /* bubble_sort.c in Sources */,
				4F4C12A122354AD200ECB542 /* main.c in Sources */,
				4F0720992237FFDB007D2211 /* quick_sort.c in Sources */,
				4F0720962237F015007D2211 /* merge_sort.c in Sources */,
				4F0720932237EE54007D2211 /* heap_sort.c in Sources */,
			);
			runOnlyForDeploymentPostprocessing = 0;
		};
/* End PBXSourcesBuildPhase section */

/* Begin XCBuildConfiguration section */
		4F4C12A222354AD200ECB542 /* Debug */ = {
			isa = XCBuildConfiguration;
			buildSettings = {
				ALWAYS_SEARCH_USER_PATHS = NO;
				CLANG_ANALYZER_NONNULL = YES;
				CLANG_ANALYZER_NUMBER_OBJECT_CONVERSION = YES_AGGRESSIVE;
				CLANG_CXX_LANGUAGE_STANDARD = "gnu++14";
				CLANG_CXX_LIBRARY = "libc++";
				CLANG_ENABLE_MODULES = YES;
				CLANG_ENABLE_OBJC_ARC = YES;
				CLANG_ENABLE_OBJC_WEAK = YES;
				CLANG_WARN_BLOCK_CAPTURE_AUTORELEASING = YES;
				CLANG_WARN_BOOL_CONVERSION = YES;
				CLANG_WARN_COMMA = YES;
				CLANG_WARN_CONSTANT_CONVERSION = YES;
				CLANG_WARN_DEPRECATED_OBJC_IMPLEMENTATIONS = YES;
				CLANG_WARN_DIRECT_OBJC_ISA_USAGE = YES_ERROR;
				CLANG_WARN_DOCUMENTATION_COMMENTS = YES;
				CLANG_WARN_EMPTY_BODY = YES;
				CLANG_WARN_ENUM_CONVERSION = YES;
				CLANG_WARN_INFINITE_RECURSION = YES;
				CLANG_WARN_INT_CONVERSION = YES;
				CLANG_WARN_NON_LITERAL_NULL_CONVERSION = YES;
				CLANG_WARN_OBJC_IMPLICIT_RETAIN_SELF = YES;
				CLANG_WARN_OBJC_LITERAL_CONVERSION = YES;
				CLANG_WARN_OBJC_ROOT_CLASS = YES_ERROR;
				CLANG_WARN_RANGE_LOOP_ANALYSIS = YES;
				CLANG_WARN_STRICT_PROTOTYPES = YES;
				CLANG_WARN_SUSPICIOUS_MOVE = YES;
				CLANG_WARN_UNGUARDED_AVAILABILITY = YES_AGGRESSIVE;
				CLANG_WARN_UNREACHABLE_CODE = YES;
				CLANG_WARN__DUPLICATE_METHOD_MATCH = YES;
				CODE_SIGN_IDENTITY = "Mac Developer";
				COPY_PHASE_STRIP = NO;
				DEBUG_INFORMATION_FORMAT = dwarf;
				ENABLE_STRICT_OBJC_MSGSEND = YES;
				ENABLE_TESTABILITY = YES;
				GCC_C_LANGUAGE_STANDARD = gnu11;
				GCC_DYNAMIC_NO_PIC = NO;
				GCC_NO_COMMON_BLOCKS = YES;
				GCC_OPTIMIZATION_LEVEL = 0;
				GCC_PREPROCESSOR_DEFINITIONS = (
					"DEBUG=1",
					"$(inherited)",
				);
				GCC_WARN_64_TO_32_BIT_CONVERSION = YES;
				GCC_WARN_ABOUT_RETURN_TYPE = YES_ERROR;
				GCC_WARN_UNDECLARED_SELECTOR = YES;
				GCC_WARN_UNINITIALIZED_AUTOS = YES_AGGRESSIVE;
				GCC_WARN_UNUSED_FUNCTION = YES;
				GCC_WARN_UNUSED_VARIABLE = YES;
				MACOSX_DEPLOYMENT_TARGET = 10.14;
				MTL_ENABLE_DEBUG_INFO = INCLUDE_SOURCE;
				MTL_FAST_MATH = YES;
				ONLY_ACTIVE_ARCH = YES;
				SDKROOT = macosx;
			};
			name = Debug;
		};
		4F4C12A322354AD200ECB542 /* Release */ = {
			isa = XCBuildConfiguration;
			buildSettings = {
				ALWAYS_SEARCH_USER_PATHS = NO;
				CLANG_ANALYZER_NONNULL = YES;
				CLANG_ANALYZER_NUMBER_OBJECT_CONVERSION = YES_AGGRESSIVE;
				CLANG_CXX_LANGUAGE_STANDARD = "gnu++14";
				CLANG_CXX_LIBRARY = "libc++";
				CLANG_ENABLE_MODULES = YES;
				CLANG_ENABLE_OBJC_ARC = YES;
				CLANG_ENABLE_OBJC_WEAK = YES;
				CLANG_WARN_BLOCK_CAPTURE_AUTORELEASING = YES;
				CLANG_WARN_BOOL_CONVERSION = YES;
				CLANG_WARN_COMMA = YES;
				CLANG_WARN_CONSTANT_CONVERSION = YES;
				CLANG_WARN_DEPRECATED_OBJC_IMPLEMENTATIONS = YES;
				CLANG_WARN_DIRECT_OBJC_ISA_USAGE = YES_ERROR;
				CLANG_WARN_DOCUMENTATION_COMMENTS = YES;
				CLANG_WARN_EMPTY_BODY = YES;
				CLANG_WARN_ENUM_CONVERSION = YES;
				CLANG_WARN_INFINITE_RECURSION = YES;
				CLANG_WARN_INT_CONVERSION = YES;
				CLANG_WARN_NON_LITERAL_NULL_CONVERSION = YES;
				CLANG_WARN_OBJC_IMPLICIT_RETAIN_SELF = YES;
				CLANG_WARN_OBJC_LITERAL_CONVERSION = YES;
				CLANG_WARN_OBJC_ROOT_CLASS = YES_ERROR;
				CLANG_WARN_RANGE_LOOP_ANALYSIS = YES;
				CLANG_WARN_STRICT_PROTOTYPES = YES;
				CLANG_WARN_SUSPICIOUS_MOVE = YES;
				CLANG_WARN_UNGUARDED_AVAILABILITY = YES_AGGRESSIVE;
				CLANG_WARN_UNREACHABLE_CODE = YES;
				CLANG_WARN__DUPLICATE_METHOD_MATCH = YES;
				CODE_SIGN_IDENTITY = "Mac Developer";
				COPY_PHASE_STRIP = NO;
				DEBUG_INFORMATION_FORMAT = "dwarf-with-dsym";
				ENABLE_NS_ASSERTIONS = NO;
				ENABLE_STRICT_OBJC_MSGSEND = YES;
				GCC_C_LANGUAGE_STANDARD = gnu11;
				GCC_NO_COMMON_BLOCKS = YES;
				GCC_WARN_64_TO_32_BIT_CONVERSION = YES;
				GCC_WARN_ABOUT_RETURN_TYPE = YES_ERROR;
				GCC_WARN_UNDECLARED_SELECTOR = YES;
				GCC_WARN_UNINITIALIZED_AUTOS = YES_AGGRESSIVE;
				GCC_WARN_UNUSED_FUNCTION = YES;
				GCC_WARN_UNUSED_VARIABLE = YES;
				MACOSX_DEPLOYMENT_TARGET = 10.14;
				MTL_ENABLE_DEBUG_INFO = NO;
				MTL_FAST_MATH = YES;
				SDKROOT = macosx;
			};
			name = Release;
		};
		4F4C12A522354AD200ECB542 /* Debug */ = {
			isa = XCBuildConfiguration;
			buildSettings = {
				CODE_SIGN_STYLE = Automatic;
				DEVELOPMENT_TEAM = 66AQ356GA4;
				PRODUCT_NAME = "$(TARGET_NAME)";
			};
			name = Debug;
		};
		4F4C12A622354AD200ECB542 /* Release */ = {
			isa = XCBuildConfiguration;
			buildSettings = {
				CODE_SIGN_STYLE = Automatic;
				DEVELOPMENT_TEAM = 66AQ356GA4;
				PRODUCT_NAME = "$(TARGET_NAME)";
			};
			name = Release;
		};
/* End XCBuildConfiguration section */

/* Begin XCConfigurationList section */
		4F4C129822354AD200ECB542 /* Build configuration list for PBXProject "SortAlgorithm" */ = {
			isa = XCConfigurationList;
			buildConfigurations = (
				4F4C12A222354AD200ECB542 /* Debug */,
				4F4C12A322354AD200ECB542 /* Release */,
			);
			defaultConfigurationIsVisible = 0;
			defaultConfigurationName = Release;
		};
		4F4C12A422354AD200ECB542 /* Build configuration list for PBXNativeTarget "SortAlgorithm" */ = {
			isa = XCConfigurationList;
			buildConfigurations = (
				4F4C12A522354AD200ECB542 /* Debug */,
				4F4C12A622354AD200ECB542 /* Release */,
			);
			defaultConfigurationIsVisible = 0;
			defaultConfigurationName = Release;
		};
/* End XCConfigurationList section */
	};
	rootObject = 4F4C129522354AD200ECB542 /* Project object */;
}
