// !$*UTF8*$!
{
	archiveVersion = 1;
	classes = {
	};
	objectVersion = 50;
	objects = {

/* Begin PBXBuildFile section */
		361093127D9A0692F7E50CFE /* Pods_CoolButtonDemo.framework in Frameworks */ = {isa = PBXBuildFile; fileRef = 78C3756EFF50CF09EFC29680 /* Pods_CoolButtonDemo.framework */; };
		4F2FF15D22187AC6009C2771 /* AppDelegate.m in Sources */ = {isa = PBXBuildFile; fileRef = 4F2FF15C22187AC6009C2771 /* AppDelegate.m */; };
		4F2FF16022187AC6009C2771 /* ViewController.m in Sources */ = {isa = PBXBuildFile; fileRef = 4F2FF15F22187AC6009C2771 /* ViewController.m */; };
		4F2FF16322187AC6009C2771 /* Main.storyboard in Resources */ = {isa = PBXBuildFile; fileRef = 4F2FF16122187AC6009C2771 /* Main.storyboard */; };
		4F2FF16522187AC7009C2771 /* Assets.xcassets in Resources */ = {isa = PBXBuildFile; fileRef = 4F2FF16422187AC7009C2771 /* Assets.xcassets */; };
		4F2FF16822187AC7009C2771 /* LaunchScreen.storyboard in Resources */ = {isa = PBXBuildFile; fileRef = 4F2FF16622187AC7009C2771 /* LaunchScreen.storyboard */; };
		4F2FF16B22187AC7009C2771 /* main.m in Sources */ = {isa = PBXBuildFile; fileRef = 4F2FF16A22187AC7009C2771 /* main.m */; };
/* End PBXBuildFile section */

/* Begin PBXCopyFilesBuildPhase section */
		4FAAC408221944AE00F4147A /* Embed Frameworks */ = {
			isa = PBXCopyFilesBuildPhase;
			buildActionMask = 2147483647;
			dstPath = "";
			dstSubfolderSpec = 10;
			files = (
			);
			name = "Embed Frameworks";
			runOnlyForDeploymentPostprocessing = 0;
		};
/* End PBXCopyFilesBuildPhase section */

/* Begin PBXFileReference section */
		126ED71CCC636C4392A40CD6 /* Pods-CoolButtonDemo.release.xcconfig */ = {isa = PBXFileReference; includeInIndex = 1; lastKnownFileType = text.xcconfig; name = "Pods-CoolButtonDemo.release.xcconfig"; path = "Target Support Files/Pods-CoolButtonDemo/Pods-CoolButtonDemo.release.xcconfig"; sourceTree = "<group>"; };
		42563A70318E72FE644CC0DA /* Pods-CoolButtonDemo.debug.xcconfig */ = {isa = PBXFileReference; includeInIndex = 1; lastKnownFileType = text.xcconfig; name = "Pods-CoolButtonDemo.debug.xcconfig"; path = "Target Support Files/Pods-CoolButtonDemo/Pods-CoolButtonDemo.debug.xcconfig"; sourceTree = "<group>"; };
		4F2FF15822187AC6009C2771 /* CoolButtonDemo.app */ = {isa = PBXFileReference; explicitFileType = wrapper.application; includeInIndex = 0; path = CoolButtonDemo.app; sourceTree = BUILT_PRODUCTS_DIR; };
		4F2FF15B22187AC6009C2771 /* AppDelegate.h */ = {isa = PBXFileReference; lastKnownFileType = sourcecode.c.h; path = AppDelegate.h; sourceTree = "<group>"; };
		4F2FF15C22187AC6009C2771 /* AppDelegate.m */ = {isa = PBXFileReference; lastKnownFileType = sourcecode.c.objc; path = AppDelegate.m; sourceTree = "<group>"; };
		4F2FF15E22187AC6009C2771 /* ViewController.h */ = {isa = PBXFileReference; lastKnownFileType = sourcecode.c.h; path = ViewController.h; sourceTree = "<group>"; };
		4F2FF15F22187AC6009C2771 /* ViewController.m */ = {isa = PBXFileReference; lastKnownFileType = sourcecode.c.objc; path = ViewController.m; sourceTree = "<group>"; };
		4F2FF16222187AC6009C2771 /* Base */ = {isa = PBXFileReference; lastKnownFileType = file.storyboard; name = Base; path = Base.lproj/Main.storyboard; sourceTree = "<group>"; };
		4F2FF16422187AC7009C2771 /* Assets.xcassets */ = {isa = PBXFileReference; lastKnownFileType = folder.assetcatalog; path = Assets.xcassets; sourceTree = "<group>"; };
		4F2FF16722187AC7009C2771 /* Base */ = {isa = PBXFileReference; lastKnownFileType = file.storyboard; name = Base; path = Base.lproj/LaunchScreen.storyboard; sourceTree = "<group>"; };
		4F2FF16922187AC7009C2771 /* Info.plist */ = {isa = PBXFileReference; lastKnownFileType = text.plist.xml; path = Info.plist; sourceTree = "<group>"; };
		4F2FF16A22187AC7009C2771 /* main.m */ = {isa = PBXFileReference; lastKnownFileType = sourcecode.c.objc; path = main.m; sourceTree = "<group>"; };
		78C3756EFF50CF09EFC29680 /* Pods_CoolButtonDemo.framework */ = {isa = PBXFileReference; explicitFileType = wrapper.framework; includeInIndex = 0; path = Pods_CoolButtonDemo.framework; sourceTree = BUILT_PRODUCTS_DIR; };
/* End PBXFileReference section */

/* Begin PBXFrameworksBuildPhase section */
		4F2FF15522187AC6009C2771 /* Frameworks */ = {
			isa = PBXFrameworksBuildPhase;
			buildActionMask = 2147483647;
			files = (
				361093127D9A0692F7E50CFE /* Pods_CoolButtonDemo.framework in Frameworks */,
			);
			runOnlyForDeploymentPostprocessing = 0;
		};
/* End PBXFrameworksBuildPhase section */

/* Begin PBXGroup section */
		4F2FF14F22187AC6009C2771 = {
			isa = PBXGroup;
			children = (
				4F2FF15A22187AC6009C2771 /* CoolButtonDemo */,
				4F2FF15922187AC6009C2771 /* Products */,
				A5635D89BE4F44E081F2113D /* Pods */,
				EAB7D0A747F2400477F738A7 /* Frameworks */,
			);
			sourceTree = "<group>";
		};
		4F2FF15922187AC6009C2771 /* Products */ = {
			isa = PBXGroup;
			children = (
				4F2FF15822187AC6009C2771 /* CoolButtonDemo.app */,
			);
			name = Products;
			sourceTree = "<group>";
		};
		4F2FF15A22187AC6009C2771 /* CoolButtonDemo */ = {
			isa = PBXGroup;
			children = (
				4F2FF15B22187AC6009C2771 /* AppDelegate.h */,
				4F2FF15C22187AC6009C2771 /* AppDelegate.m */,
				4F2FF15E22187AC6009C2771 /* ViewController.h */,
				4F2FF15F22187AC6009C2771 /* ViewController.m */,
				4F2FF16122187AC6009C2771 /* Main.storyboard */,
				4F2FF16422187AC7009C2771 /* Assets.xcassets */,
				4F2FF16622187AC7009C2771 /* LaunchScreen.storyboard */,
				4F2FF16922187AC7009C2771 /* Info.plist */,
				4F2FF16A22187AC7009C2771 /* main.m */,
			);
			path = CoolButtonDemo;
			sourceTree = "<group>";
		};
		A5635D89BE4F44E081F2113D /* Pods */ = {
			isa = PBXGroup;
			children = (
				42563A70318E72FE644CC0DA /* Pods-CoolButtonDemo.debug.xcconfig */,
				126ED71CCC636C4392A40CD6 /* Pods-CoolButtonDemo.release.xcconfig */,
			);
			path = Pods;
			sourceTree = "<group>";
		};
		EAB7D0A747F2400477F738A7 /* Frameworks */ = {
			isa = PBXGroup;
			children = (
				78C3756EFF50CF09EFC29680 /* Pods_CoolButtonDemo.framework */,
			);
			name = Frameworks;
			sourceTree = "<group>";
		};
/* End PBXGroup section */

/* Begin PBXNativeTarget section */
		4F2FF15722187AC6009C2771 /* CoolButtonDemo */ = {
			isa = PBXNativeTarget;
			buildConfigurationList = 4F2FF16E22187AC7009C2771 /* Build configuration list for PBXNativeTarget "CoolButtonDemo" */;
			buildPhases = (
				6D4F9FE4B564BB78C99FF5BB /* [CP] Check Pods Manifest.lock */,
				4F2FF15422187AC6009C2771 /* Sources */,
				4F2FF15522187AC6009C2771 /* Frameworks */,
				4F2FF15622187AC6009C2771 /* Resources */,
				4FAAC408221944AE00F4147A /* Embed Frameworks */,
				01F518376996CC21CAFB53C4 /* [CP] Embed Pods Frameworks */,
			);
			buildRules = (
			);
			dependencies = (
			);
			name = CoolButtonDemo;
			productName = CoolButtonDemo;
			productReference = 4F2FF15822187AC6009C2771 /* CoolButtonDemo.app */;
			productType = "com.apple.product-type.application";
		};
/* End PBXNativeTarget section */

/* Begin PBXProject section */
		4F2FF15022187AC6009C2771 /* Project object */ = {
			isa = PBXProject;
			attributes = {
				LastUpgradeCheck = 1010;
				ORGANIZATIONNAME = pmst;
				TargetAttributes = {
					4F2FF15722187AC6009C2771 = {
						CreatedOnToolsVersion = 10.1;
					};
				};
			};
			buildConfigurationList = 4F2FF15322187AC6009C2771 /* Build configuration list for PBXProject "CoolButtonDemo" */;
			compatibilityVersion = "Xcode 9.3";
			developmentRegion = en;
			hasScannedForEncodings = 0;
			knownRegions = (
				en,
				Base,
			);
			mainGroup = 4F2FF14F22187AC6009C2771;
			productRefGroup = 4F2FF15922187AC6009C2771 /* Products */;
			projectDirPath = "";
			projectRoot = "";
			targets = (
				4F2FF15722187AC6009C2771 /* CoolButtonDemo */,
			);
		};
/* End PBXProject section */

/* Begin PBXResourcesBuildPhase section */
		4F2FF15622187AC6009C2771 /* Resources */ = {
			isa = PBXResourcesBuildPhase;
			buildActionMask = 2147483647;
			files = (
				4F2FF16822187AC7009C2771 /* LaunchScreen.storyboard in Resources */,
				4F2FF16522187AC7009C2771 /* Assets.xcassets in Resources */,
				4F2FF16322187AC6009C2771 /* Main.storyboard in Resources */,
			);
			runOnlyForDeploymentPostprocessing = 0;
		};
/* End PBXResourcesBuildPhase section */

/* Begin PBXShellScriptBuildPhase section */
		01F518376996CC21CAFB53C4 /* [CP] Embed Pods Frameworks */ = {
			isa = PBXShellScriptBuildPhase;
			buildActionMask = 2147483647;
			files = (
			);
			inputFileListPaths = (
			);
			inputPaths = (
				"${PODS_ROOT}/Target Support Files/Pods-CoolButtonDemo/Pods-CoolButtonDemo-frameworks.sh",
				"${BUILT_PRODUCTS_DIR}/NDCoolControl/NDCoolControl.framework",
			);
			name = "[CP] Embed Pods Frameworks";
			outputFileListPaths = (
			);
			outputPaths = (
				"${TARGET_BUILD_DIR}/${FRAMEWORKS_FOLDER_PATH}/NDCoolControl.framework",
			);
			runOnlyForDeploymentPostprocessing = 0;
			shellPath = /bin/sh;
			shellScript = "\"${PODS_ROOT}/Target Support Files/Pods-CoolButtonDemo/Pods-CoolButtonDemo-frameworks.sh\"\n";
			showEnvVarsInLog = 0;
		};
		6D4F9FE4B564BB78C99FF5BB /* [CP] Check Pods Manifest.lock */ = {
			isa = PBXShellScriptBuildPhase;
			buildActionMask = 2147483647;
			files = (
			);
			inputFileListPaths = (
			);
			inputPaths = (
				"${PODS_PODFILE_DIR_PATH}/Podfile.lock",
				"${PODS_ROOT}/Manifest.lock",
			);
			name = "[CP] Check Pods Manifest.lock";
			outputFileListPaths = (
			);
			outputPaths = (
				"$(DERIVED_FILE_DIR)/Pods-CoolButtonDemo-checkManifestLockResult.txt",
			);
			runOnlyForDeploymentPostprocessing = 0;
			shellPath = /bin/sh;
			shellScript = "diff \"${PODS_PODFILE_DIR_PATH}/Podfile.lock\" \"${PODS_ROOT}/Manifest.lock\" > /dev/null\nif [ $? != 0 ] ; then\n    # print error to STDERR\n    echo \"error: The sandbox is not in sync with the Podfile.lock. Run 'pod install' or update your CocoaPods installation.\" >&2\n    exit 1\nfi\n# This output is used by Xcode 'outputs' to avoid re-running this script phase.\necho \"SUCCESS\" > \"${SCRIPT_OUTPUT_FILE_0}\"\n";
			showEnvVarsInLog = 0;
		};
/* End PBXShellScriptBuildPhase section */

/* Begin PBXSourcesBuildPhase section */
		4F2FF15422187AC6009C2771 /* Sources */ = {
			isa = PBXSourcesBuildPhase;
			buildActionMask = 2147483647;
			files = (
				4F2FF16022187AC6009C2771 /* ViewController.m in Sources */,
				4F2FF16B22187AC7009C2771 /* main.m in Sources */,
				4F2FF15D22187AC6009C2771 /* AppDelegate.m in Sources */,
			);
			runOnlyForDeploymentPostprocessing = 0;
		};
/* End PBXSourcesBuildPhase section */

/* Begin PBXVariantGroup section */
		4F2FF16122187AC6009C2771 /* Main.storyboard */ = {
			isa = PBXVariantGroup;
			children = (
				4F2FF16222187AC6009C2771 /* Base */,
			);
			name = Main.storyboard;
			sourceTree = "<group>";
		};
		4F2FF16622187AC7009C2771 /* LaunchScreen.storyboard */ = {
			isa = PBXVariantGroup;
			children = (
				4F2FF16722187AC7009C2771 /* Base */,
			);
			name = LaunchScreen.storyboard;
			sourceTree = "<group>";
		};
/* End PBXVariantGroup section */

/* Begin XCBuildConfiguration section */
		4F2FF16C22187AC7009C2771 /* Debug */ = {
			isa = XCBuildConfiguration;
			buildSettings = {
				ALWAYS_SEARCH_USER_PATHS = NO;
				CLANG_ANALYZER_NONNULL = YES;
				CLANG_ANALYZER_NUMBER_OBJECT_CONVERSION = YES_AGGRESSIVE;
				CLANG_CXX_LANGUAGE_STANDARD = "gnu++14";
				CLANG_CXX_LIBRARY = "libc++";
				CLANG_ENABLE_MODULES = YES;
				CLANG_ENABLE_OBJC_ARC = YES;
				CLANG_ENABLE_OBJC_WEAK = YES;
				CLANG_WARN_BLOCK_CAPTURE_AUTORELEASING = YES;
				CLANG_WARN_BOOL_CONVERSION = YES;
				CLANG_WARN_COMMA = YES;
				CLANG_WARN_CONSTANT_CONVERSION = YES;
				CLANG_WARN_DEPRECATED_OBJC_IMPLEMENTATIONS = YES;
				CLANG_WARN_DIRECT_OBJC_ISA_USAGE = YES_ERROR;
				CLANG_WARN_DOCUMENTATION_COMMENTS = YES;
				CLANG_WARN_EMPTY_BODY = YES;
				CLANG_WARN_ENUM_CONVERSION = YES;
				CLANG_WARN_INFINITE_RECURSION = YES;
				CLANG_WARN_INT_CONVERSION = YES;
				CLANG_WARN_NON_LITERAL_NULL_CONVERSION = YES;
				CLANG_WARN_OBJC_IMPLICIT_RETAIN_SELF = YES;
				CLANG_WARN_OBJC_LITERAL_CONVERSION = YES;
				CLANG_WARN_OBJC_ROOT_CLASS = YES_ERROR;
				CLANG_WARN_RANGE_LOOP_ANALYSIS = YES;
				CLANG_WARN_STRICT_PROTOTYPES = YES;
				CLANG_WARN_SUSPICIOUS_MOVE = YES;
				CLANG_WARN_UNGUARDED_AVAILABILITY = YES_AGGRESSIVE;
				CLANG_WARN_UNREACHABLE_CODE = YES;
				CLANG_WARN__DUPLICATE_METHOD_MATCH = YES;
				CODE_SIGN_IDENTITY = "iPhone Developer";
				COPY_PHASE_STRIP = NO;
				DEBUG_INFORMATION_FORMAT = dwarf;
				ENABLE_STRICT_OBJC_MSGSEND = YES;
				ENABLE_TESTABILITY = YES;
				GCC_C_LANGUAGE_STANDARD = gnu11;
				GCC_DYNAMIC_NO_PIC = NO;
				GCC_NO_COMMON_BLOCKS = YES;
				GCC_OPTIMIZATION_LEVEL = 0;
				GCC_PREPROCESSOR_DEFINITIONS = (
					"DEBUG=1",
					"$(inherited)",
				);
				GCC_WARN_64_TO_32_BIT_CONVERSION = YES;
				GCC_WARN_ABOUT_RETURN_TYPE = YES_ERROR;
				GCC_WARN_UNDECLARED_SELECTOR = YES;
				GCC_WARN_UNINITIALIZED_AUTOS = YES_AGGRESSIVE;
				GCC_WARN_UNUSED_FUNCTION = YES;
				GCC_WARN_UNUSED_VARIABLE = YES;
				IPHONEOS_DEPLOYMENT_TARGET = 12.1;
				MTL_ENABLE_DEBUG_INFO = INCLUDE_SOURCE;
				MTL_FAST_MATH = YES;
				ONLY_ACTIVE_ARCH = YES;
				SDKROOT = iphoneos;
			};
			name = Debug;
		};
		4F2FF16D22187AC7009C2771 /* Release */ = {
			isa = XCBuildConfiguration;
			buildSettings = {
				ALWAYS_SEARCH_USER_PATHS = NO;
				CLANG_ANALYZER_NONNULL = YES;
				CLANG_ANALYZER_NUMBER_OBJECT_CONVERSION = YES_AGGRESSIVE;
				CLANG_CXX_LANGUAGE_STANDARD = "gnu++14";
				CLANG_CXX_LIBRARY = "libc++";
				CLANG_ENABLE_MODULES = YES;
				CLANG_ENABLE_OBJC_ARC = YES;
				CLANG_ENABLE_OBJC_WEAK = YES;
				CLANG_WARN_BLOCK_CAPTURE_AUTORELEASING = YES;
				CLANG_WARN_BOOL_CONVERSION = YES;
				CLANG_WARN_COMMA = YES;
				CLANG_WARN_CONSTANT_CONVERSION = YES;
				CLANG_WARN_DEPRECATED_OBJC_IMPLEMENTATIONS = YES;
				CLANG_WARN_DIRECT_OBJC_ISA_USAGE = YES_ERROR;
				CLANG_WARN_DOCUMENTATION_COMMENTS = YES;
				CLANG_WARN_EMPTY_BODY = YES;
				CLANG_WARN_ENUM_CONVERSION = YES;
				CLANG_WARN_INFINITE_RECURSION = YES;
				CLANG_WARN_INT_CONVERSION = YES;
				CLANG_WARN_NON_LITERAL_NULL_CONVERSION = YES;
				CLANG_WARN_OBJC_IMPLICIT_RETAIN_SELF = YES;
				CLANG_WARN_OBJC_LITERAL_CONVERSION = YES;
				CLANG_WARN_OBJC_ROOT_CLASS = YES_ERROR;
				CLANG_WARN_RANGE_LOOP_ANALYSIS = YES;
				CLANG_WARN_STRICT_PROTOTYPES = YES;
				CLANG_WARN_SUSPICIOUS_MOVE = YES;
				CLANG_WARN_UNGUARDED_AVAILABILITY = YES_AGGRESSIVE;
				CLANG_WARN_UNREACHABLE_CODE = YES;
				CLANG_WARN__DUPLICATE_METHOD_MATCH = YES;
				CODE_SIGN_IDENTITY = "iPhone Developer";
				COPY_PHASE_STRIP = NO;
				DEBUG_INFORMATION_FORMAT = "dwarf-with-dsym";
				ENABLE_NS_ASSERTIONS = NO;
				ENABLE_STRICT_OBJC_MSGSEND = YES;
				GCC_C_LANGUAGE_STANDARD = gnu11;
				GCC_NO_COMMON_BLOCKS = YES;
				GCC_WARN_64_TO_32_BIT_CONVERSION = YES;
				GCC_WARN_ABOUT_RETURN_TYPE = YES_ERROR;
				GCC_WARN_UNDECLARED_SELECTOR = YES;
				GCC_WARN_UNINITIALIZED_AUTOS = YES_AGGRESSIVE;
				GCC_WARN_UNUSED_FUNCTION = YES;
				GCC_WARN_UNUSED_VARIABLE = YES;
				IPHONEOS_DEPLOYMENT_TARGET = 12.1;
				MTL_ENABLE_DEBUG_INFO = NO;
				MTL_FAST_MATH = YES;
				SDKROOT = iphoneos;
				VALIDATE_PRODUCT = YES;
			};
			name = Release;
		};
		4F2FF16F22187AC7009C2771 /* Debug */ = {
			isa = XCBuildConfiguration;
			baseConfigurationReference = 42563A70318E72FE644CC0DA /* Pods-CoolButtonDemo.debug.xcconfig */;
			buildSettings = {
				ASSETCATALOG_COMPILER_APPICON_NAME = AppIcon;
				CODE_SIGN_STYLE = Automatic;
				DEVELOPMENT_TEAM = 66AQ356GA4;
				FRAMEWORK_SEARCH_PATHS = "$(inherited)";
				HEADER_SEARCH_PATHS = "";
				INFOPLIST_FILE = CoolButtonDemo/Info.plist;
				IPHONEOS_DEPLOYMENT_TARGET = 12.1;
				LD_RUNPATH_SEARCH_PATHS = (
					"$(inherited)",
					"@executable_path/Frameworks",
				);
				PRODUCT_BUNDLE_IDENTIFIER = com.pmst.CoolButtonDemo;
				PRODUCT_NAME = "$(TARGET_NAME)";
				TARGETED_DEVICE_FAMILY = "1,2";
			};
			name = Debug;
		};
		4F2FF17022187AC7009C2771 /* Release */ = {
			isa = XCBuildConfiguration;
			baseConfigurationReference = 126ED71CCC636C4392A40CD6 /* Pods-CoolButtonDemo.release.xcconfig */;
			buildSettings = {
				ASSETCATALOG_COMPILER_APPICON_NAME = AppIcon;
				CODE_SIGN_STYLE = Automatic;
				DEVELOPMENT_TEAM = 66AQ356GA4;
				FRAMEWORK_SEARCH_PATHS = "$(inherited)";
				HEADER_SEARCH_PATHS = "";
				INFOPLIST_FILE = CoolButtonDemo/Info.plist;
				IPHONEOS_DEPLOYMENT_TARGET = 12.1;
				LD_RUNPATH_SEARCH_PATHS = (
					"$(inherited)",
					"@executable_path/Frameworks",
				);
				PRODUCT_BUNDLE_IDENTIFIER = com.pmst.CoolButtonDemo;
				PRODUCT_NAME = "$(TARGET_NAME)";
				TARGETED_DEVICE_FAMILY = "1,2";
			};
			name = Release;
		};
/* End XCBuildConfiguration section */

/* Begin XCConfigurationList section */
		4F2FF15322187AC6009C2771 /* Build configuration list for PBXProject "CoolButtonDemo" */ = {
			isa = XCConfigurationList;
			buildConfigurations = (
				4F2FF16C22187AC7009C2771 /* Debug */,
				4F2FF16D22187AC7009C2771 /* Release */,
			);
			defaultConfigurationIsVisible = 0;
			defaultConfigurationName = Release;
		};
		4F2FF16E22187AC7009C2771 /* Build configuration list for PBXNativeTarget "CoolButtonDemo" */ = {
			isa = XCConfigurationList;
			buildConfigurations = (
				4F2FF16F22187AC7009C2771 /* Debug */,
				4F2FF17022187AC7009C2771 /* Release */,
			);
			defaultConfigurationIsVisible = 0;
			defaultConfigurationName = Release;
		};
/* End XCConfigurationList section */
	};
	rootObject = 4F2FF15022187AC6009C2771 /* Project object */;
}
